
Microsoft Visual Studio Solution File, Format Version 12.00
# Visual Studio Version 17
VisualStudioVersion = 17.0.31612.314
MinimumVisualStudioVersion = 10.0.40219.1
Project("{9A19103F-16F7-4668-BE54-9A1E7A4F7556}") = "WorldCities", "WorldCities\WorldCities.csproj", "{9CEF4629-DCCB-4218-B43C-AD3DF459CE3E}"
EndProject
Global
	GlobalSection(SolutionConfigurationPlatforms) = preSolution
		Debug|Any CPU = Debug|Any CPU
		Release|Any CPU = Release|Any CPU
	EndGlobalSection
	GlobalSection(ProjectConfigurationPlatforms) = postSolution
		{9CEF4629-DCCB-4218-B43C-AD3DF459CE3E}.Debug|Any CPU.ActiveCfg = Debug|Any CPU
		{9CEF4629-DCCB-4218-B43C-AD3DF459CE3E}.Debug|Any CPU.Build.0 = Debug|Any CPU
		{9CEF4629-DCCB-4218-B43C-AD3DF459CE3E}.Release|Any CPU.ActiveCfg = Release|Any CPU
		{9CEF4629-DCCB-4218-B43C-AD3DF459CE3E}.Release|Any CPU.Build.0 = Release|Any CPU
	EndGlobalSection
	GlobalSection(SolutionProperties) = preSolution
		HideSolutionNode = FALSE
	EndGlobalSection
	GlobalSection(ExtensibilityGlobals) = postSolution
		SolutionGuid = {890A8E07-9F80-4A42-9DF3-0B9A06772451}
	EndGlobalSection
EndGlobal
